# This file is automatically @generated by Poetry 2.1.4 and should not be changed by hand.

[[package]]
name = "confluent-kafka"
version = "2.11.0"
description = "Confluent's Python client for Apache Kafka"
optional = false
python-versions = ">=3.7"
groups = ["main"]
files = [
    {file = "confluent_kafka-2.11.0-cp310-cp310-macosx_10_9_x86_64.whl", hash = "sha256:ae672723577775aba560da34e376ffa4a038ff3e07c8513920b81903f8f9c4e8"},
    {file = "confluent_kafka-2.11.0-cp310-cp310-macosx_11_0_arm64.whl", hash = "sha256:fc8346a55c4b3f4e4ed938243997e3223e0f00c93c48d52a86343943c0316a6c"},
    {file = "confluent_kafka-2.11.0-cp310-cp310-manylinux_2_28_aarch64.whl", hash = "sha256:5dccc94019fbca33bcc49d993641b7145c448255206480a38eee452869653b33"},
    {file = "confluent_kafka-2.11.0-cp310-cp310-manylinux_2_28_x86_64.whl", hash = "sha256:a13398b5b6e025e710b3123c17db8dbc4db78c708916bb602211257fcd7f27c8"},
    {file = "confluent_kafka-2.11.0-cp310-cp310-win_amd64.whl", hash = "sha256:08e0b0b7fb21ddd83801231f5f32b7e7ba4f7c9a7dee9034a1e36e6b6479143a"},
    {file = "confluent_kafka-2.11.0-cp311-cp311-macosx_10_9_x86_64.whl", hash = "sha256:2f54f077904cc8541be03e16bee9bf37207c96e6bbd3c5b3d1b5fbd878e40580"},
    {file = "confluent_kafka-2.11.0-cp311-cp311-macosx_11_0_arm64.whl", hash = "sha256:455a368d35dc4444d4d8f442b5715e3b43310b60bb0f99837556830bd32defdf"},
    {file = "confluent_kafka-2.11.0-cp311-cp311-manylinux_2_28_aarch64.whl", hash = "sha256:707d7a39755986605402dd308013e6a142b8a5105d51f863b17f4bc283f4ac85"},
    {file = "confluent_kafka-2.11.0-cp311-cp311-manylinux_2_28_x86_64.whl", hash = "sha256:655b5d3a90955dd4ee15e59d89f33b5eaae14e7122e9fecb93b4c03ef426ec97"},
    {file = "confluent_kafka-2.11.0-cp311-cp311-win_amd64.whl", hash = "sha256:6dc952c45108351b3995b85e23d99c2251a5160e3ed3d9a7768300d8c97eca56"},
    {file = "confluent_kafka-2.11.0-cp312-cp312-macosx_10_9_x86_64.whl", hash = "sha256:7ab9b40866d783cd410019b0380b0db815ac36ecf07be2be80a429e41d7caf98"},
    {file = "confluent_kafka-2.11.0-cp312-cp312-macosx_11_0_arm64.whl", hash = "sha256:70682b25b5ce835de54b6eb803a75e550a953e494fe348960ed8c534cb54ea50"},
    {file = "confluent_kafka-2.11.0-cp312-cp312-manylinux_2_28_aarch64.whl", hash = "sha256:80edbdf59d312772a4c5646807cb2a0b5f5a2c7f945df070aac1782a7790f432"},
    {file = "confluent_kafka-2.11.0-cp312-cp312-manylinux_2_28_x86_64.whl", hash = "sha256:1ac35a551c8df8313695bff3e81dd8ef3d9041b0edc8827883ef8015819bc59c"},
    {file = "confluent_kafka-2.11.0-cp312-cp312-win_amd64.whl", hash = "sha256:be6273ae93a9076c28ccda39dacae98405af696c97bab02a8a78abd02fe3add4"},
    {file = "confluent_kafka-2.11.0-cp313-cp313-macosx_13_0_arm64.whl", hash = "sha256:e58b263d8e02c54396e7159d2d6668c9e6f2e7faa06c40026df205ff81b6188e"},
    {file = "confluent_kafka-2.11.0-cp313-cp313-macosx_13_0_x86_64.whl", hash = "sha256:a29ac34c7dd3ab51c2e7cc16c37baed13369a487d7f953ff4e3a8fff08642969"},
    {file = "confluent_kafka-2.11.0-cp313-cp313-manylinux_2_28_aarch64.whl", hash = "sha256:2552147d0929db95ace291e460c652981721e0e437a074445fbafdcee8b6817c"},
    {file = "confluent_kafka-2.11.0-cp313-cp313-manylinux_2_28_x86_64.whl", hash = "sha256:ed0981e686bdc4ee86034113a750242fe1b405826bf4a553498bf558429188af"},
    {file = "confluent_kafka-2.11.0-cp313-cp313-win_amd64.whl", hash = "sha256:6d6ec6e791b1c97668ff0823dff1dc005ab418b353a430fede7b5cd6c5490497"},
    {file = "confluent_kafka-2.11.0-cp313-cp313t-manylinux_2_28_aarch64.whl", hash = "sha256:9f44a476241a81e6b3259d3f3f00aa0e94ed64a924131f83cb3b640ecdfcd633"},
    {file = "confluent_kafka-2.11.0-cp37-cp37m-macosx_10_9_x86_64.whl", hash = "sha256:2effcccd28677f918ef879e7112cb15492004a50fd3ec92c330df5b420597283"},
    {file = "confluent_kafka-2.11.0-cp37-cp37m-manylinux_2_28_x86_64.whl", hash = "sha256:360e74b6970ec699dad934a951e82a1553926cb2f8a2aa772f582ba48a9ad4e1"},
    {file = "confluent_kafka-2.11.0-cp37-cp37m-win_amd64.whl", hash = "sha256:0e5f5ebe3742f2bb430d437f5f1b3539e0648e598af590c9f7d588e21d7297e1"},
    {file = "confluent_kafka-2.11.0-cp38-cp38-macosx_10_9_x86_64.whl", hash = "sha256:90c27e2bef0cf3812984bde02925a1edda9e700650d903c7cdce1fc60946e373"},
    {file = "confluent_kafka-2.11.0-cp38-cp38-macosx_11_0_arm64.whl", hash = "sha256:02e383dcc6174512851add8c5bd17987fb2bfa4dc94b3646158d0a6be2b95683"},
    {file = "confluent_kafka-2.11.0-cp38-cp38-manylinux_2_28_aarch64.whl", hash = "sha256:56b0adf6c2558624c3166a49b518e86059369153be15e62e113335db24438f82"},
    {file = "confluent_kafka-2.11.0-cp38-cp38-manylinux_2_28_x86_64.whl", hash = "sha256:18dd7ab3ffedae4b7f5668641da317a514284f50b2544d58c9b59d921bfb4c0a"},
    {file = "confluent_kafka-2.11.0-cp38-cp38-win_amd64.whl", hash = "sha256:d38deb0163c641021100a4cac5bef9ddc3949c51df8ce15b063850010ff64dff"},
    {file = "confluent_kafka-2.11.0-cp39-cp39-macosx_10_9_x86_64.whl", hash = "sha256:39b4ee51d16804bfa8674c0d07b785259d48f051def5f681f501bab5f110e304"},
    {file = "confluent_kafka-2.11.0-cp39-cp39-macosx_11_0_arm64.whl", hash = "sha256:1249f9aab62317c274d41d74c32883744d1b157f846961c97266c42a30ceaa29"},
    {file = "confluent_kafka-2.11.0-cp39-cp39-manylinux_2_28_aarch64.whl", hash = "sha256:7c295323f8eecf7f70e570435964d28729190dc52412ba5a4068862ac20e7d9a"},
    {file = "confluent_kafka-2.11.0-cp39-cp39-manylinux_2_28_x86_64.whl", hash = "sha256:10ec391ed179cb613d7e4961a59fa9f0d6112e2753ceef1cd6bd03bc7c5cec24"},
    {file = "confluent_kafka-2.11.0-cp39-cp39-win_amd64.whl", hash = "sha256:854ec3d904001a74cda309038783a4538e1032ee5f2e683738c9b1159622e437"},
    {file = "confluent_kafka-2.11.0.tar.gz", hash = "sha256:d95512838eebd42a4657ce891dfa32bcbc06906e3391b328de24f7731b0c2755"},
]

[package.extras]
all = ["async-timeout", "attrs", "attrs", "authlib (>=1.0.0)", "authlib (>=1.0.0)", "avro (>=1.11.1,<2)", "avro (>=1.11.1,<2)", "azure-identity", "azure-identity", "azure-keyvault-keys", "azure-keyvault-keys", "boto3", "boto3 (>=1.35)", "cachetools", "cachetools", "cel-python (>=0.1.5)", "cel-python (>=0.1.5)", "confluent-kafka", "fastapi", "fastavro (<1.8.0) ; python_version == \"3.7\"", "fastavro (<1.8.0) ; python_version == \"3.7\"", "fastavro (<2) ; python_version > \"3.7\"", "fastavro (<2) ; python_version > \"3.7\"", "flake8", "google-api-core", "google-api-core", "google-auth", "google-auth", "google-cloud-kms", "google-cloud-kms", "googleapis-common-protos", "googleapis-common-protos", "hkdf (==0.0.3)", "hkdf (==0.0.3)", "httpx (>=0.26)", "httpx (>=0.26)", "hvac", "hvac", "jsonata-python", "jsonata-python", "jsonschema", "jsonschema", "opentelemetry-distro", "opentelemetry-exporter-otlp", "orjson", "pluggy (<1.6.0)", "protobuf", "protobuf", "psutil", "pydantic", "pyrsistent", "pyrsistent", "pytest", "pytest-asyncio", "pytest-timeout", "pytest_cov", "pyyaml (>=6.0.0)", "pyyaml (>=6.0.0)", "requests", "requests", "requests-mock", "respx", "six", "sphinx", "sphinx-rtd-theme", "tink", "tink", "urllib3 (<2) ; python_version <= \"3.7\"", "urllib3 (<3) ; python_version > \"3.7\"", "uvicorn"]
avro = ["attrs", "authlib (>=1.0.0)", "avro (>=1.11.1,<2)", "cachetools", "fastavro (<1.8.0) ; python_version == \"3.7\"", "fastavro (<2) ; python_version > \"3.7\"", "httpx (>=0.26)", "requests"]
dev = ["async-timeout", "attrs", "attrs", "authlib (>=1.0.0)", "authlib (>=1.0.0)", "avro (>=1.11.1,<2)", "avro (>=1.11.1,<2)", "azure-identity", "azure-identity", "azure-keyvault-keys", "azure-keyvault-keys", "boto3", "boto3 (>=1.35)", "cachetools", "cachetools", "cel-python (>=0.1.5)", "cel-python (>=0.1.5)", "confluent-kafka", "fastapi", "fastavro (<1.8.0) ; python_version == \"3.7\"", "fastavro (<1.8.0) ; python_version == \"3.7\"", "fastavro (<2) ; python_version > \"3.7\"", "fastavro (<2) ; python_version > \"3.7\"", "flake8", "google-api-core", "google-api-core", "google-auth", "google-auth", "google-cloud-kms", "google-cloud-kms", "googleapis-common-protos", "googleapis-common-protos", "hkdf (==0.0.3)", "hkdf (==0.0.3)", "httpx (>=0.26)", "httpx (>=0.26)", "hvac", "hvac", "jsonata-python", "jsonata-python", "jsonschema", "jsonschema", "orjson", "pluggy (<1.6.0)", "protobuf", "protobuf", "pydantic", "pyrsistent", "pyrsistent", "pytest", "pytest-asyncio", "pytest-timeout", "pytest_cov", "pyyaml (>=6.0.0)", "pyyaml (>=6.0.0)", "requests", "requests", "requests-mock", "respx", "six", "sphinx", "sphinx-rtd-theme", "tink", "tink", "urllib3 (<2) ; python_version <= \"3.7\"", "urllib3 (<3) ; python_version > \"3.7\"", "uvicorn"]
docs = ["attrs", "authlib (>=1.0.0)", "avro (>=1.11.1,<2)", "azure-identity", "azure-keyvault-keys", "boto3 (>=1.35)", "cachetools", "cel-python (>=0.1.5)", "fastavro (<1.8.0) ; python_version == \"3.7\"", "fastavro (<2) ; python_version > \"3.7\"", "google-api-core", "google-auth", "google-cloud-kms", "googleapis-common-protos", "hkdf (==0.0.3)", "httpx (>=0.26)", "hvac", "jsonata-python", "jsonschema", "protobuf", "pyrsistent", "pyyaml (>=6.0.0)", "requests", "sphinx", "sphinx-rtd-theme", "tink"]
examples = ["attrs", "authlib (>=1.0.0)", "avro (>=1.11.1,<2)", "azure-identity", "azure-keyvault-keys", "boto3", "cachetools", "cel-python (>=0.1.5)", "confluent-kafka", "fastapi", "fastavro (<1.8.0) ; python_version == \"3.7\"", "fastavro (<2) ; python_version > \"3.7\"", "google-api-core", "google-auth", "google-cloud-kms", "googleapis-common-protos", "hkdf (==0.0.3)", "httpx (>=0.26)", "hvac", "jsonata-python", "jsonschema", "protobuf", "pydantic", "pyrsistent", "pyyaml (>=6.0.0)", "requests", "six", "tink", "uvicorn"]
json = ["attrs", "authlib (>=1.0.0)", "cachetools", "httpx (>=0.26)", "jsonschema", "pyrsistent"]
protobuf = ["attrs", "authlib (>=1.0.0)", "cachetools", "googleapis-common-protos", "httpx (>=0.26)", "protobuf"]
rules = ["attrs", "authlib (>=1.0.0)", "azure-identity", "azure-keyvault-keys", "boto3 (>=1.35)", "cachetools", "cel-python (>=0.1.5)", "google-api-core", "google-auth", "google-cloud-kms", "hkdf (==0.0.3)", "httpx (>=0.26)", "hvac", "jsonata-python", "pyyaml (>=6.0.0)", "tink"]
schema-registry = ["attrs", "authlib (>=1.0.0)", "cachetools", "httpx (>=0.26)"]
schemaregistry = ["attrs", "authlib (>=1.0.0)", "cachetools", "httpx (>=0.26)"]
soaktest = ["opentelemetry-distro", "opentelemetry-exporter-otlp", "psutil"]
tests = ["async-timeout", "attrs", "authlib (>=1.0.0)", "avro (>=1.11.1,<2)", "azure-identity", "azure-keyvault-keys", "boto3 (>=1.35)", "cachetools", "cel-python (>=0.1.5)", "fastavro (<1.8.0) ; python_version == \"3.7\"", "fastavro (<2) ; python_version > \"3.7\"", "flake8", "google-api-core", "google-auth", "google-cloud-kms", "googleapis-common-protos", "hkdf (==0.0.3)", "httpx (>=0.26)", "hvac", "jsonata-python", "jsonschema", "orjson", "pluggy (<1.6.0)", "protobuf", "pyrsistent", "pytest", "pytest-asyncio", "pytest-timeout", "pytest_cov", "pyyaml (>=6.0.0)", "requests", "requests-mock", "respx", "tink", "urllib3 (<2) ; python_version <= \"3.7\"", "urllib3 (<3) ; python_version > \"3.7\""]

[metadata]
lock-version = "2.1"
python-versions = ">=3.12"
content-hash = "eb0754d188a693f49760751260e6e11ade006dbae61037d206751f5d87248e60"
